{
  "originHash" : "0841fdcd8ab34d95dc6b9f32342e4a1bcfdaea3bb445960f8197d10fed62dddd",
  "pins" : [
    {
      "identity" : "eventsource",
      "kind" : "remoteSourceControl",
      "location" : "https://github.com/inaka/EventSource.git",
      "state" : {
        "branch" : "78934b3",
        "revision" : "78934b361891c7d0fa3d399d128e959f0c94d267"
      }
    }
  ],
  "version" : 3
}
