{
  "originHash" : "dad3ea5705eeefc253017273d581894773ef4fccd9f3663e937ae37d28b5b1ea",
  "pins" : [
    {
      "identity" : "signalr-swift",
      "kind" : "remoteSourceControl",
      "location" : "https://github.com/Azure/signalr-swift",
      "state" : {
        "branch" : "main",
        "revision" : "0046cec26c8c0b252778373c4b1ad3b303ba7956"
      }
    }
  ],
  "version" : 3
}
